// !$*UTF8*$!
{
	archiveVersion = 1;
	classes = {
	};
	objectVersion = 55;
	objects = {

/* Begin PBXBuildFile section */
		8D1EAB9D282BDEC60029070A /* AppDelegate.swift in Sources */ = {isa = PBXBuildFile; fileRef = 8D1EAB9C282BDEC60029070A /* AppDelegate.swift */; };
		8D1EAB9F282BDEC60029070A /* SceneDelegate.swift in Sources */ = {isa = PBXBuildFile; fileRef = 8D1EAB9E282BDEC60029070A /* SceneDelegate.swift */; };
		8D1EABA1282BDEC60029070A /* WeatherViewController.swift in Sources */ = {isa = PBXBuildFile; fileRef = 8D1EABA0282BDEC60029070A /* WeatherViewController.swift */; };
		8D1EABA4282BDEC60029070A /* Main.storyboard in Resources */ = {isa = PBXBuildFile; fileRef = 8D1EABA2282BDEC60029070A /* Main.storyboard */; };
		8D1EABA7282BDEC60029070A /* Climate.xcdatamodeld in Sources */ = {isa = PBXBuildFile; fileRef = 8D1EABA5282BDEC60029070A /* Climate.xcdatamodeld */; };
		8D1EABA9282BDEC60029070A /* Assets.xcassets in Resources */ = {isa = PBXBuildFile; fileRef = 8D1EABA8282BDEC60029070A /* Assets.xcassets */; };
		8D1EABAC282BDEC60029070A /* LaunchScreen.storyboard in Resources */ = {isa = PBXBuildFile; fileRef = 8D1EABAA282BDEC60029070A /* LaunchScreen.storyboard */; };
		8DA25EBA282FA6F400942DA1 /* WeatherManager.swift in Sources */ = {isa = PBXBuildFile; fileRef = 8DA25EB9282FA6F400942DA1 /* WeatherManager.swift */; };
		8DA25EBE282FB33B00942DA1 /* WeatherData.swift in Sources */ = {isa = PBXBuildFile; fileRef = 8DA25EBD282FB33B00942DA1 /* WeatherData.swift */; };
		8DA25EC0282FB9B300942DA1 /* WeatherModel.swift in Sources */ = {isa = PBXBuildFile; fileRef = 8DA25EBF282FB9B300942DA1 /* WeatherModel.swift */; };
/* End PBXBuildFile section */

/* Begin PBXFileReference section */
		8D1EAB99282BDEC60029070A /* Climate.app */ = {isa = PBXFileReference; explicitFileType = wrapper.application; includeInIndex = 0; path = Climate.app; sourceTree = BUILT_PRODUCTS_DIR; };
		8D1EAB9C282BDEC60029070A /* AppDelegate.swift */ = {isa = PBXFileReference; lastKnownFileType = sourcecode.swift; path = AppDelegate.swift; sourceTree = "<group>"; };
		8D1EAB9E282BDEC60029070A /* SceneDelegate.swift */ = {isa = PBXFileReference; lastKnownFileType = sourcecode.swift; path = SceneDelegate.swift; sourceTree = "<group>"; };
		8D1EABA0282BDEC60029070A /* WeatherViewController.swift */ = {isa = PBXFileReference; lastKnownFileType = sourcecode.swift; path = WeatherViewController.swift; sourceTree = "<group>"; };
		8D1EABA3282BDEC60029070A /* Base */ = {isa = PBXFileReference; lastKnownFileType = file.storyboard; name = Base; path = Base.lproj/Main.storyboard; sourceTree = "<group>"; };
		8D1EABA6282BDEC60029070A /* Climate.xcdatamodel */ = {isa = PBXFileReference; lastKnownFileType = wrapper.xcdatamodel; path = Climate.xcdatamodel; sourceTree = "<group>"; };
		8D1EABA8282BDEC60029070A /* Assets.xcassets */ = {isa = PBXFileReference; lastKnownFileType = folder.assetcatalog; path = Assets.xcassets; sourceTree = "<group>"; };
		8D1EABAB282BDEC60029070A /* Base */ = {isa = PBXFileReference; lastKnownFileType = file.storyboard; name = Base; path = Base.lproj/LaunchScreen.storyboard; sourceTree = "<group>"; };
		8D1EABAD282BDEC60029070A /* Info.plist */ = {isa = PBXFileReference; lastKnownFileType = text.plist.xml; path = Info.plist; sourceTree = "<group>"; };
		8DA25EB9282FA6F400942DA1 /* WeatherManager.swift */ = {isa = PBXFileReference; lastKnownFileType = sourcecode.swift; path = WeatherManager.swift; sourceTree = "<group>"; };
		8DA25EBD282FB33B00942DA1 /* WeatherData.swift */ = {isa = PBXFileReference; lastKnownFileType = sourcecode.swift; path = WeatherData.swift; sourceTree = "<group>"; };
		8DA25EBF282FB9B300942DA1 /* WeatherModel.swift */ = {isa = PBXFileReference; lastKnownFileType = sourcecode.swift; path = WeatherModel.swift; sourceTree = "<group>"; };
/* End PBXFileReference section */

/* Begin PBXFrameworksBuildPhase section */
		8D1EAB96282BDEC60029070A /* Frameworks */ = {
			isa = PBXFrameworksBuildPhase;
			buildActionMask = 2147483647;
			files = (
			);
			runOnlyForDeploymentPostprocessing = 0;
		};
/* End PBXFrameworksBuildPhase section */

/* Begin PBXGroup section */
		8D1EAB90282BDEC60029070A = {
			isa = PBXGroup;
			children = (
				8D1EAB9B282BDEC60029070A /* Climate */,
				8D1EAB9A282BDEC60029070A /* Products */,
			);
			sourceTree = "<group>";
		};
		8D1EAB9A282BDEC60029070A /* Products */ = {
			isa = PBXGroup;
			children = (
				8D1EAB99282BDEC60029070A /* Climate.app */,
			);
			name = Products;
			sourceTree = "<group>";
		};
		8D1EAB9B282BDEC60029070A /* Climate */ = {
			isa = PBXGroup;
			children = (
				8DA25EBC282FA80400942DA1 /* View */,
				8DA25EBB282FA7F400942DA1 /* Controller */,
				8DA25EB8282FA6DC00942DA1 /* Model */,
				8D1EAB9C282BDEC60029070A /* AppDelegate.swift */,
				8D1EAB9E282BDEC60029070A /* SceneDelegate.swift */,
				8D1EABA8282BDEC60029070A /* Assets.xcassets */,
				8D1EABAA282BDEC60029070A /* LaunchScreen.storyboard */,
				8D1EABAD282BDEC60029070A /* Info.plist */,
				8D1EABA5282BDEC60029070A /* Climate.xcdatamodeld */,
			);
			path = Climate;
			sourceTree = "<group>";
		};
		8DA25EB8282FA6DC00942DA1 /* Model */ = {
			isa = PBXGroup;
			children = (
				8DA25EB9282FA6F400942DA1 /* WeatherManager.swift */,
				8DA25EBD282FB33B00942DA1 /* WeatherData.swift */,
				8DA25EBF282FB9B300942DA1 /* WeatherModel.swift */,
			);
			path = Model;
			sourceTree = "<group>";
		};
		8DA25EBB282FA7F400942DA1 /* Controller */ = {
			isa = PBXGroup;
			children = (
				8D1EABA0282BDEC60029070A /* WeatherViewController.swift */,
			);
			path = Controller;
			sourceTree = "<group>";
		};
		8DA25EBC282FA80400942DA1 /* View */ = {
			isa = PBXGroup;
			children = (
				8D1EABA2282BDEC60029070A /* Main.storyboard */,
			);
			path = View;
			sourceTree = "<group>";
		};
/* End PBXGroup section */

/* Begin PBXNativeTarget section */
		8D1EAB98282BDEC60029070A /* Climate */ = {
			isa = PBXNativeTarget;
			buildConfigurationList = 8D1EABB0282BDEC60029070A /* Build configuration list for PBXNativeTarget "Climate" */;
			buildPhases = (
				8D1EAB95282BDEC60029070A /* Sources */,
				8D1EAB96282BDEC60029070A /* Frameworks */,
				8D1EAB97282BDEC60029070A /* Resources */,
			);
			buildRules = (
			);
			dependencies = (
			);
			name = Climate;
			productName = Climate;
			productReference = 8D1EAB99282BDEC60029070A /* Climate.app */;
			productType = "com.apple.product-type.application";
		};
/* End PBXNativeTarget section */

/* Begin PBXProject section */
		8D1EAB91282BDEC60029070A /* Project object */ = {
			isa = PBXProject;
			attributes = {
				BuildIndependentTargetsInParallel = 1;
				LastSwiftUpdateCheck = 1330;
				LastUpgradeCheck = 1330;
				TargetAttributes = {
					8D1EAB98282BDEC60029070A = {
						CreatedOnToolsVersion = 13.3;
					};
				};
			};
			buildConfigurationList = 8D1EAB94282BDEC60029070A /* Build configuration list for PBXProject "Climate" */;
			compatibilityVersion = "Xcode 13.0";
			developmentRegion = en;
			hasScannedForEncodings = 0;
			knownRegions = (
				en,
				Base,
			);
			mainGroup = 8D1EAB90282BDEC60029070A;
			productRefGroup = 8D1EAB9A282BDEC60029070A /* Products */;
			projectDirPath = "";
			projectRoot = "";
			targets = (
				8D1EAB98282BDEC60029070A /* Climate */,
			);
		};
/* End PBXProject section */

/* Begin PBXResourcesBuildPhase section */
		8D1EAB97282BDEC60029070A /* Resources */ = {
			isa = PBXResourcesBuildPhase;
			buildActionMask = 2147483647;
			files = (
				8D1EABAC282BDEC60029070A /* LaunchScreen.storyboard in Resources */,
				8D1EABA9282BDEC60029070A /* Assets.xcassets in Resources */,
				8D1EABA4282BDEC60029070A /* Main.storyboard in Resources */,
			);
			runOnlyForDeploymentPostprocessing = 0;
		};
/* End PBXResourcesBuildPhase section */

/* Begin PBXSourcesBuildPhase section */
		8D1EAB95282BDEC60029070A /* Sources */ = {
			isa = PBXSourcesBuildPhase;
			buildActionMask = 2147483647;
			files = (
				8D1EABA1282BDEC60029070A /* WeatherViewController.swift in Sources */,
				8D1EAB9D282BDEC60029070A /* AppDelegate.swift in Sources */,
				8DA25EBA282FA6F400942DA1 /* WeatherManager.swift in Sources */,
				8DA25EC0282FB9B300942DA1 /* WeatherModel.swift in Sources */,
				8D1EAB9F282BDEC60029070A /* SceneDelegate.swift in Sources */,
				8DA25EBE282FB33B00942DA1 /* WeatherData.swift in Sources */,
				8D1EABA7282BDEC60029070A /* Climate.xcdatamodeld in Sources */,
			);
			runOnlyForDeploymentPostprocessing = 0;
		};
/* End PBXSourcesBuildPhase section */

/* Begin PBXVariantGroup section */
		8D1EABA2282BDEC60029070A /* Main.storyboard */ = {
			isa = PBXVariantGroup;
			children = (
				8D1EABA3282BDEC60029070A /* Base */,
			);
			name = Main.storyboard;
			sourceTree = "<group>";
		};
		8D1EABAA282BDEC60029070A /* LaunchScreen.storyboard */ = {
			isa = PBXVariantGroup;
			children = (
				8D1EABAB282BDEC60029070A /* Base */,
			);
			name = LaunchScreen.storyboard;
			sourceTree = "<group>";
		};
/* End PBXVariantGroup section */

/* Begin XCBuildConfiguration section */
		8D1EABAE282BDEC60029070A /* Debug */ = {
			isa = XCBuildConfiguration;
			buildSettings = {
				ALWAYS_SEARCH_USER_PATHS = NO;
				CLANG_ANALYZER_NONNULL = YES;
				CLANG_ANALYZER_NUMBER_OBJECT_CONVERSION = YES_AGGRESSIVE;
				CLANG_CXX_LANGUAGE_STANDARD = "gnu++17";
				CLANG_ENABLE_MODULES = YES;
				CLANG_ENABLE_OBJC_ARC = YES;
				CLANG_ENABLE_OBJC_WEAK = YES;
				CLANG_WARN_BLOCK_CAPTURE_AUTORELEASING = YES;
				CLANG_WARN_BOOL_CONVERSION = YES;
				CLANG_WARN_COMMA = YES;
				CLANG_WARN_CONSTANT_CONVERSION = YES;
				CLANG_WARN_DEPRECATED_OBJC_IMPLEMENTATIONS = YES;
				CLANG_WARN_DIRECT_OBJC_ISA_USAGE = YES_ERROR;
				CLANG_WARN_DOCUMENTATION_COMMENTS = YES;
				CLANG_WARN_EMPTY_BODY = YES;
				CLANG_WARN_ENUM_CONVERSION = YES;
				CLANG_WARN_INFINITE_RECURSION = YES;
				CLANG_WARN_INT_CONVERSION = YES;
				CLANG_WARN_NON_LITERAL_NULL_CONVERSION = YES;
				CLANG_WARN_OBJC_IMPLICIT_RETAIN_SELF = YES;
				CLANG_WARN_OBJC_LITERAL_CONVERSION = YES;
				CLANG_WARN_OBJC_ROOT_CLASS = YES_ERROR;
				CLANG_WARN_QUOTED_INCLUDE_IN_FRAMEWORK_HEADER = YES;
				CLANG_WARN_RANGE_LOOP_ANALYSIS = YES;
				CLANG_WARN_STRICT_PROTOTYPES = YES;
				CLANG_WARN_SUSPICIOUS_MOVE = YES;
				CLANG_WARN_UNGUARDED_AVAILABILITY = YES_AGGRESSIVE;
				CLANG_WARN_UNREACHABLE_CODE = YES;
				CLANG_WARN__DUPLICATE_METHOD_MATCH = YES;
				COPY_PHASE_STRIP = NO;
				DEBUG_INFORMATION_FORMAT = dwarf;
				ENABLE_STRICT_OBJC_MSGSEND = YES;
				ENABLE_TESTABILITY = YES;
				GCC_C_LANGUAGE_STANDARD = gnu11;
				GCC_DYNAMIC_NO_PIC = NO;
				GCC_NO_COMMON_BLOCKS = YES;
				GCC_OPTIMIZATION_LEVEL = 0;
				GCC_PREPROCESSOR_DEFINITIONS = (
					"DEBUG=1",
					"$(inherited)",
				);
				GCC_WARN_64_TO_32_BIT_CONVERSION = YES;
				GCC_WARN_ABOUT_RETURN_TYPE = YES_ERROR;
				GCC_WARN_UNDECLARED_SELECTOR = YES;
				GCC_WARN_UNINITIALIZED_AUTOS = YES_AGGRESSIVE;
				GCC_WARN_UNUSED_FUNCTION = YES;
				GCC_WARN_UNUSED_VARIABLE = YES;
				IPHONEOS_DEPLOYMENT_TARGET = 15.4;
				MTL_ENABLE_DEBUG_INFO = INCLUDE_SOURCE;
				MTL_FAST_MATH = YES;
				ONLY_ACTIVE_ARCH = YES;
				SDKROOT = iphoneos;
				SWIFT_ACTIVE_COMPILATION_CONDITIONS = DEBUG;
				SWIFT_OPTIMIZATION_LEVEL = "-Onone";
			};
			name = Debug;
		};
		8D1EABAF282BDEC60029070A /* Release */ = {
			isa = XCBuildConfiguration;
			buildSettings = {
				ALWAYS_SEARCH_USER_PATHS = NO;
				CLANG_ANALYZER_NONNULL = YES;
				CLANG_ANALYZER_NUMBER_OBJECT_CONVERSION = YES_AGGRESSIVE;
				CLANG_CXX_LANGUAGE_STANDARD = "gnu++17";
				CLANG_ENABLE_MODULES = YES;
				CLANG_ENABLE_OBJC_ARC = YES;
				CLANG_ENABLE_OBJC_WEAK = YES;
				CLANG_WARN_BLOCK_CAPTURE_AUTORELEASING = YES;
				CLANG_WARN_BOOL_CONVERSION = YES;
				CLANG_WARN_COMMA = YES;
				CLANG_WARN_CONSTANT_CONVERSION = YES;
				CLANG_WARN_DEPRECATED_OBJC_IMPLEMENTATIONS = YES;
				CLANG_WARN_DIRECT_OBJC_ISA_USAGE = YES_ERROR;
				CLANG_WARN_DOCUMENTATION_COMMENTS = YES;
				CLANG_WARN_EMPTY_BODY = YES;
				CLANG_WARN_ENUM_CONVERSION = YES;
				CLANG_WARN_INFINITE_RECURSION = YES;
				CLANG_WARN_INT_CONVERSION = YES;
				CLANG_WARN_NON_LITERAL_NULL_CONVERSION = YES;
				CLANG_WARN_OBJC_IMPLICIT_RETAIN_SELF = YES;
				CLANG_WARN_OBJC_LITERAL_CONVERSION = YES;
				CLANG_WARN_OBJC_ROOT_CLASS = YES_ERROR;
				CLANG_WARN_QUOTED_INCLUDE_IN_FRAMEWORK_HEADER = YES;
				CLANG_WARN_RANGE_LOOP_ANALYSIS = YES;
				CLANG_WARN_STRICT_PROTOTYPES = YES;
				CLANG_WARN_SUSPICIOUS_MOVE = YES;
				CLANG_WARN_UNGUARDED_AVAILABILITY = YES_AGGRESSIVE;
				CLANG_WARN_UNREACHABLE_CODE = YES;
				CLANG_WARN__DUPLICATE_METHOD_MATCH = YES;
				COPY_PHASE_STRIP = NO;
				DEBUG_INFORMATION_FORMAT = "dwarf-with-dsym";
				ENABLE_NS_ASSERTIONS = NO;
				ENABLE_STRICT_OBJC_MSGSEND = YES;
				GCC_C_LANGUAGE_STANDARD = gnu11;
				GCC_NO_COMMON_BLOCKS = YES;
				GCC_WARN_64_TO_32_BIT_CONVERSION = YES;
				GCC_WARN_ABOUT_RETURN_TYPE = YES_ERROR;
				GCC_WARN_UNDECLARED_SELECTOR = YES;
				GCC_WARN_UNINITIALIZED_AUTOS = YES_AGGRESSIVE;
				GCC_WARN_UNUSED_FUNCTION = YES;
				GCC_WARN_UNUSED_VARIABLE = YES;
				IPHONEOS_DEPLOYMENT_TARGET = 15.4;
				MTL_ENABLE_DEBUG_INFO = NO;
				MTL_FAST_MATH = YES;
				SDKROOT = iphoneos;
				SWIFT_COMPILATION_MODE = wholemodule;
				SWIFT_OPTIMIZATION_LEVEL = "-O";
				VALIDATE_PRODUCT = YES;
			};
			name = Release;
		};
		8D1EABB1282BDEC60029070A /* Debug */ = {
			isa = XCBuildConfiguration;
			buildSettings = {
				ASSETCATALOG_COMPILER_APPICON_NAME = AppIcon;
				ASSETCATALOG_COMPILER_GLOBAL_ACCENT_COLOR_NAME = AccentColor;
				CODE_SIGN_STYLE = Automatic;
				CURRENT_PROJECT_VERSION = 1;
				DEVELOPMENT_TEAM = VHAQ5PN89A;
				GENERATE_INFOPLIST_FILE = YES;
				INFOPLIST_FILE = Climate/Info.plist;
				INFOPLIST_KEY_UIApplicationSupportsIndirectInputEvents = YES;
				INFOPLIST_KEY_UILaunchStoryboardName = LaunchScreen;
				INFOPLIST_KEY_UIMainStoryboardFile = Main;
				INFOPLIST_KEY_UISupportedInterfaceOrientations_iPad = "UIInterfaceOrientationPortrait UIInterfaceOrientationPortraitUpsideDown UIInterfaceOrientationLandscapeLeft UIInterfaceOrientationLandscapeRight";
				INFOPLIST_KEY_UISupportedInterfaceOrientations_iPhone = "UIInterfaceOrientationPortrait UIInterfaceOrientationLandscapeLeft UIInterfaceOrientationLandscapeRight";
				LD_RUNPATH_SEARCH_PATHS = (
					"$(inherited)",
					"@executable_path/Frameworks",
				);
				MARKETING_VERSION = 1.0;
				PRODUCT_BUNDLE_IDENTIFIER = abhilash.Climate;
				PRODUCT_NAME = "$(TARGET_NAME)";
				SWIFT_EMIT_LOC_STRINGS = YES;
				SWIFT_VERSION = 5.0;
				TARGETED_DEVICE_FAMILY = "1,2";
			};
			name = Debug;
		};
		8D1EABB2282BDEC60029070A /* Release */ = {
			isa = XCBuildConfiguration;
			buildSettings = {
				ASSETCATALOG_COMPILER_APPICON_NAME = AppIcon;
				ASSETCATALOG_COMPILER_GLOBAL_ACCENT_COLOR_NAME = AccentColor;
				CODE_SIGN_STYLE = Automatic;
				CURRENT_PROJECT_VERSION = 1;
				DEVELOPMENT_TEAM = VHAQ5PN89A;
				GENERATE_INFOPLIST_FILE = YES;
				INFOPLIST_FILE = Climate/Info.plist;
				INFOPLIST_KEY_UIApplicationSupportsIndirectInputEvents = YES;
				INFOPLIST_KEY_UILaunchStoryboardName = LaunchScreen;
				INFOPLIST_KEY_UIMainStoryboardFile = Main;
				INFOPLIST_KEY_UISupportedInterfaceOrientations_iPad = "UIInterfaceOrientationPortrait UIInterfaceOrientationPortraitUpsideDown UIInterfaceOrientationLandscapeLeft UIInterfaceOrientationLandscapeRight";
				INFOPLIST_KEY_UISupportedInterfaceOrientations_iPhone = "UIInterfaceOrientationPortrait UIInterfaceOrientationLandscapeLeft UIInterfaceOrientationLandscapeRight";
				LD_RUNPATH_SEARCH_PATHS = (
					"$(inherited)",
					"@executable_path/Frameworks",
				);
				MARKETING_VERSION = 1.0;
				PRODUCT_BUNDLE_IDENTIFIER = abhilash.Climate;
				PRODUCT_NAME = "$(TARGET_NAME)";
				SWIFT_EMIT_LOC_STRINGS = YES;
				SWIFT_VERSION = 5.0;
				TARGETED_DEVICE_FAMILY = "1,2";
			};
			name = Release;
		};
/* End XCBuildConfiguration section */

/* Begin XCConfigurationList section */
		8D1EAB94282BDEC60029070A /* Build configuration list for PBXProject "Climate" */ = {
			isa = XCConfigurationList;
			buildConfigurations = (
				8D1EABAE282BDEC60029070A /* Debug */,
				8D1EABAF282BDEC60029070A /* Release */,
			);
			defaultConfigurationIsVisible = 0;
			defaultConfigurationName = Release;
		};
		8D1EABB0282BDEC60029070A /* Build configuration list for PBXNativeTarget "Climate" */ = {
			isa = XCConfigurationList;
			buildConfigurations = (
				8D1EABB1282BDEC60029070A /* Debug */,
				8D1EABB2282BDEC60029070A /* Release */,
			);
			defaultConfigurationIsVisible = 0;
			defaultConfigurationName = Release;
		};
/* End XCConfigurationList section */

/* Begin XCVersionGroup section */
		8D1EABA5282BDEC60029070A /* Climate.xcdatamodeld */ = {
			isa = XCVersionGroup;
			children = (
				8D1EABA6282BDEC60029070A /* Climate.xcdatamodel */,
			);
			currentVersion = 8D1EABA6282BDEC60029070A /* Climate.xcdatamodel */;
			path = Climate.xcdatamodeld;
			sourceTree = "<group>";
			versionGroupType = wrapper.xcdatamodel;
		};
/* End XCVersionGroup section */
	};
	rootObject = 8D1EAB91282BDEC60029070A /* Project object */;
}
